
Microsoft Visual Studio Solution File, Format Version 12.00
# Visual Studio Version 16
VisualStudioVersion = 16.0.30204.135
MinimumVisualStudioVersion = 10.0.40219.1
Project("{FAE04EC0-301F-11D3-BF4B-00C04F79EFBC}") = "VectorEditor_IT3B", "VectorEditor_IT3B\VectorEditor_IT3B.csproj", "{C1694276-F27C-431E-9ACA-0DD6365DF635}"
EndProject
Global
	GlobalSection(SolutionConfigurationPlatforms) = preSolution
		Debug|Any CPU = Debug|Any CPU
		Release|Any CPU = Release|Any CPU
	EndGlobalSection
	GlobalSection(ProjectConfigurationPlatforms) = postSolution
		{C1694276-F27C-431E-9ACA-0DD6365DF635}.Debug|Any CPU.ActiveCfg = Debug|Any CPU
		{C1694276-F27C-431E-9ACA-0DD6365DF635}.Debug|Any CPU.Build.0 = Debug|Any CPU
		{C1694276-F27C-431E-9ACA-0DD6365DF635}.Release|Any CPU.ActiveCfg = Release|Any CPU
		{C1694276-F27C-431E-9ACA-0DD6365DF635}.Release|Any CPU.Build.0 = Release|Any CPU
	EndGlobalSection
	GlobalSection(SolutionProperties) = preSolution
		HideSolutionNode = FALSE
	EndGlobalSection
	GlobalSection(ExtensibilityGlobals) = postSolution
		SolutionGuid = {1F03AD1C-4AAE-4EF3-A610-A871E6B34907}
	EndGlobalSection
EndGlobal
